
Microsoft Visual Studio Solution File, Format Version 12.00
# Visual Studio 15
VisualStudioVersion = 15.0.27703.2042
MinimumVisualStudioVersion = 10.0.40219.1
Project("{9A19103F-16F7-4668-BE54-9A1E7A4F7556}") = "AspNetCoreTodo", "AspNetCoreTodo.csproj", "{1641DCB2-A35A-4744-A341-8A26CC278859}"
EndProject
Project("{9A19103F-16F7-4668-BE54-9A1E7A4F7556}") = "AspNetCoreTodo.UnitTests", "..\AspNetCoreTodo.UnitTests\AspNetCoreTodo.UnitTests.csproj", "{BC209724-B0FC-420B-91C7-B7F549682B2F}"
EndProject
Project("{9A19103F-16F7-4668-BE54-9A1E7A4F7556}") = "AspNetCoreTodo.IntegrationTests", "..\AspNetCoreTodo.IntegrationTests\AspNetCoreTodo.IntegrationTests.csproj", "{ABC3288E-4002-4CC9-86FB-062D322CA88C}"
EndProject
Global
	GlobalSection(SolutionConfigurationPlatforms) = preSolution
		Debug|Any CPU = Debug|Any CPU
		Release|Any CPU = Release|Any CPU
	EndGlobalSection
	GlobalSection(ProjectConfigurationPlatforms) = postSolution
		{1641DCB2-A35A-4744-A341-8A26CC278859}.Debug|Any CPU.ActiveCfg = Debug|Any CPU
		{1641DCB2-A35A-4744-A341-8A26CC278859}.Debug|Any CPU.Build.0 = Debug|Any CPU
		{1641DCB2-A35A-4744-A341-8A26CC278859}.Release|Any CPU.ActiveCfg = Release|Any CPU
		{1641DCB2-A35A-4744-A341-8A26CC278859}.Release|Any CPU.Build.0 = Release|Any CPU
		{BC209724-B0FC-420B-91C7-B7F549682B2F}.Debug|Any CPU.ActiveCfg = Debug|Any CPU
		{BC209724-B0FC-420B-91C7-B7F549682B2F}.Debug|Any CPU.Build.0 = Debug|Any CPU
		{BC209724-B0FC-420B-91C7-B7F549682B2F}.Release|Any CPU.ActiveCfg = Release|Any CPU
		{BC209724-B0FC-420B-91C7-B7F549682B2F}.Release|Any CPU.Build.0 = Release|Any CPU
		{ABC3288E-4002-4CC9-86FB-062D322CA88C}.Debug|Any CPU.ActiveCfg = Debug|Any CPU
		{ABC3288E-4002-4CC9-86FB-062D322CA88C}.Debug|Any CPU.Build.0 = Debug|Any CPU
		{ABC3288E-4002-4CC9-86FB-062D322CA88C}.Release|Any CPU.ActiveCfg = Release|Any CPU
		{ABC3288E-4002-4CC9-86FB-062D322CA88C}.Release|Any CPU.Build.0 = Release|Any CPU
	EndGlobalSection
	GlobalSection(SolutionProperties) = preSolution
		HideSolutionNode = FALSE
	EndGlobalSection
	GlobalSection(ExtensibilityGlobals) = postSolution
		SolutionGuid = {2FB8F8C7-1CFA-4CB6-AC08-A316341F447A}
	EndGlobalSection
EndGlobal
